
Microsoft Visual Studio Solution File, Format Version 12.00
# Visual Studio Version 16
VisualStudioVersion = 16.0.29403.142
MinimumVisualStudioVersion = 10.0.40219.1
Project("{FAE04EC0-301F-11D3-BF4B-00C04F79EFBC}") = "PrintQueues", "PrintQueues\PrintQueues.csproj", "{A2AD449B-5FD8-4315-B48F-E0DC89AC3107}"
EndProject
Global
	GlobalSection(SolutionConfigurationPlatforms) = preSolution
		Debug|Any CPU = Debug|Any CPU
		Release|Any CPU = Release|Any CPU
	EndGlobalSection
	GlobalSection(ProjectConfigurationPlatforms) = postSolution
		{A2AD449B-5FD8-4315-B48F-E0DC89AC3107}.Debug|Any CPU.ActiveCfg = Debug|Any CPU
		{A2AD449B-5FD8-4315-B48F-E0DC89AC3107}.Debug|Any CPU.Build.0 = Debug|Any CPU
		{A2AD449B-5FD8-4315-B48F-E0DC89AC3107}.Release|Any CPU.ActiveCfg = Release|Any CPU
		{A2AD449B-5FD8-4315-B48F-E0DC89AC3107}.Release|Any CPU.Build.0 = Release|Any CPU
	EndGlobalSection
	GlobalSection(SolutionProperties) = preSolution
		HideSolutionNode = FALSE
	EndGlobalSection
	GlobalSection(ExtensibilityGlobals) = postSolution
		SolutionGuid = {D6E8E554-286E-4F7C-8B8B-77091FAC6B80}
	EndGlobalSection
EndGlobal
